// !$*UTF8*$!
{
	archiveVersion = 1;
	classes = {
	};
	objectVersion = 51;
	objects = {

/* Begin PBXBuildFile section */
		8446267B24472EE30091BA91 /* AppDelegate.swift in Sources */ = {isa = PBXBuildFile; fileRef = 8446267A24472EE30091BA91 /* AppDelegate.swift */; };
		8446268424472EE40091BA91 /* Assets.xcassets in Resources */ = {isa = PBXBuildFile; fileRef = 8446268324472EE40091BA91 /* Assets.xcassets */; };
		8446268724472EE40091BA91 /* LaunchScreen.storyboard in Resources */ = {isa = PBXBuildFile; fileRef = 8446268524472EE40091BA91 /* LaunchScreen.storyboard */; };
		844626902448BD520091BA91 /* Network.swift in Sources */ = {isa = PBXBuildFile; fileRef = 8446268F2448BD520091BA91 /* Network.swift */; };
		844626922448BD5D0091BA91 /* Router.swift in Sources */ = {isa = PBXBuildFile; fileRef = 844626912448BD5D0091BA91 /* Router.swift */; };
		844626952448BF970091BA91 /* UserListViewController.swift in Sources */ = {isa = PBXBuildFile; fileRef = 844626942448BF970091BA91 /* UserListViewController.swift */; };
		844626992448C0130091BA91 /* UserModel.swift in Sources */ = {isa = PBXBuildFile; fileRef = 844626982448C0130091BA91 /* UserModel.swift */; };
		8446269D244E0EA40091BA91 /* BaseViewController.swift in Sources */ = {isa = PBXBuildFile; fileRef = 8446269C244E0EA40091BA91 /* BaseViewController.swift */; };
		8446269F244F47070091BA91 /* UserListCell.swift in Sources */ = {isa = PBXBuildFile; fileRef = 8446269E244F47070091BA91 /* UserListCell.swift */; };
		844626A2244F48B70091BA91 /* UserListCellViewModel.swift in Sources */ = {isa = PBXBuildFile; fileRef = 844626A1244F48B70091BA91 /* UserListCellViewModel.swift */; };
		844626A4244F6CBC0091BA91 /* BaseTableViewCell.swift in Sources */ = {isa = PBXBuildFile; fileRef = 844626A3244F6CBC0091BA91 /* BaseTableViewCell.swift */; };
		844626A6244F6F3E0091BA91 /* UserListViewController+TableViewDecorator.swift in Sources */ = {isa = PBXBuildFile; fileRef = 844626A5244F6F3E0091BA91 /* UserListViewController+TableViewDecorator.swift */; };
		844626A8244F6FF60091BA91 /* UserListViewModel.swift in Sources */ = {isa = PBXBuildFile; fileRef = 844626A7244F6FF60091BA91 /* UserListViewModel.swift */; };
		844626AC2450927F0091BA91 /* UITableView+Dequeue.swift in Sources */ = {isa = PBXBuildFile; fileRef = 844626AB2450927F0091BA91 /* UITableView+Dequeue.swift */; };
		844626AE245092B10091BA91 /* UIView+ReuseIdentifier.swift in Sources */ = {isa = PBXBuildFile; fileRef = 844626AD245092B10091BA91 /* UIView+ReuseIdentifier.swift */; };
		84CBF98B24799172000D5D7F /* UserInfoViewController.swift in Sources */ = {isa = PBXBuildFile; fileRef = 84CBF98A24799172000D5D7F /* UserInfoViewController.swift */; };
		84CBF98E24799302000D5D7F /* UserInfoModel.swift in Sources */ = {isa = PBXBuildFile; fileRef = 84CBF98D24799302000D5D7F /* UserInfoModel.swift */; };
		96937A8AA1A4718E00E6C9C5 /* Pods_SimpleGithubApp.framework in Frameworks */ = {isa = PBXBuildFile; fileRef = 851B42AAB9635F22FF9126E8 /* Pods_SimpleGithubApp.framework */; };
/* End PBXBuildFile section */

/* Begin PBXFileReference section */
		5D452C9254CE546712856F01 /* Pods-SimpleGithubApp.release.xcconfig */ = {isa = PBXFileReference; includeInIndex = 1; lastKnownFileType = text.xcconfig; name = "Pods-SimpleGithubApp.release.xcconfig"; path = "Target Support Files/Pods-SimpleGithubApp/Pods-SimpleGithubApp.release.xcconfig"; sourceTree = "<group>"; };
		8446267724472EE30091BA91 /* SimpleGithubApp.app */ = {isa = PBXFileReference; explicitFileType = wrapper.application; includeInIndex = 0; path = SimpleGithubApp.app; sourceTree = BUILT_PRODUCTS_DIR; };
		8446267A24472EE30091BA91 /* AppDelegate.swift */ = {isa = PBXFileReference; lastKnownFileType = sourcecode.swift; path = AppDelegate.swift; sourceTree = "<group>"; };
		8446268324472EE40091BA91 /* Assets.xcassets */ = {isa = PBXFileReference; lastKnownFileType = folder.assetcatalog; path = Assets.xcassets; sourceTree = "<group>"; };
		8446268624472EE40091BA91 /* Base */ = {isa = PBXFileReference; lastKnownFileType = file.storyboard; name = Base; path = Base.lproj/LaunchScreen.storyboard; sourceTree = "<group>"; };
		8446268824472EE40091BA91 /* Info.plist */ = {isa = PBXFileReference; lastKnownFileType = text.plist.xml; path = Info.plist; sourceTree = "<group>"; };
		8446268F2448BD520091BA91 /* Network.swift */ = {isa = PBXFileReference; lastKnownFileType = sourcecode.swift; path = Network.swift; sourceTree = "<group>"; };
		844626912448BD5D0091BA91 /* Router.swift */ = {isa = PBXFileReference; lastKnownFileType = sourcecode.swift; path = Router.swift; sourceTree = "<group>"; };
		844626942448BF970091BA91 /* UserListViewController.swift */ = {isa = PBXFileReference; lastKnownFileType = sourcecode.swift; path = UserListViewController.swift; sourceTree = "<group>"; };
		844626982448C0130091BA91 /* UserModel.swift */ = {isa = PBXFileReference; lastKnownFileType = sourcecode.swift; path = UserModel.swift; sourceTree = "<group>"; };
		8446269C244E0EA40091BA91 /* BaseViewController.swift */ = {isa = PBXFileReference; lastKnownFileType = sourcecode.swift; path = BaseViewController.swift; sourceTree = "<group>"; };
		8446269E244F47070091BA91 /* UserListCell.swift */ = {isa = PBXFileReference; lastKnownFileType = sourcecode.swift; path = UserListCell.swift; sourceTree = "<group>"; };
		844626A1244F48B70091BA91 /* UserListCellViewModel.swift */ = {isa = PBXFileReference; lastKnownFileType = sourcecode.swift; path = UserListCellViewModel.swift; sourceTree = "<group>"; };
		844626A3244F6CBC0091BA91 /* BaseTableViewCell.swift */ = {isa = PBXFileReference; lastKnownFileType = sourcecode.swift; path = BaseTableViewCell.swift; sourceTree = "<group>"; };
		844626A5244F6F3E0091BA91 /* UserListViewController+TableViewDecorator.swift */ = {isa = PBXFileReference; lastKnownFileType = sourcecode.swift; path = "UserListViewController+TableViewDecorator.swift"; sourceTree = "<group>"; };
		844626A7244F6FF60091BA91 /* UserListViewModel.swift */ = {isa = PBXFileReference; lastKnownFileType = sourcecode.swift; path = UserListViewModel.swift; sourceTree = "<group>"; };
		844626AB2450927F0091BA91 /* UITableView+Dequeue.swift */ = {isa = PBXFileReference; lastKnownFileType = sourcecode.swift; path = "UITableView+Dequeue.swift"; sourceTree = "<group>"; };
		844626AD245092B10091BA91 /* UIView+ReuseIdentifier.swift */ = {isa = PBXFileReference; lastKnownFileType = sourcecode.swift; path = "UIView+ReuseIdentifier.swift"; sourceTree = "<group>"; };
		84CBF98A24799172000D5D7F /* UserInfoViewController.swift */ = {isa = PBXFileReference; lastKnownFileType = sourcecode.swift; path = UserInfoViewController.swift; sourceTree = "<group>"; };
		84CBF98D24799302000D5D7F /* UserInfoModel.swift */ = {isa = PBXFileReference; lastKnownFileType = sourcecode.swift; path = UserInfoModel.swift; sourceTree = "<group>"; };
		851B42AAB9635F22FF9126E8 /* Pods_SimpleGithubApp.framework */ = {isa = PBXFileReference; explicitFileType = wrapper.framework; includeInIndex = 0; path = Pods_SimpleGithubApp.framework; sourceTree = BUILT_PRODUCTS_DIR; };
		C59252ABC83A3F41AF4E575D /* Pods-SimpleGithubApp.debug.xcconfig */ = {isa = PBXFileReference; includeInIndex = 1; lastKnownFileType = text.xcconfig; name = "Pods-SimpleGithubApp.debug.xcconfig"; path = "Target Support Files/Pods-SimpleGithubApp/Pods-SimpleGithubApp.debug.xcconfig"; sourceTree = "<group>"; };
/* End PBXFileReference section */

/* Begin PBXFrameworksBuildPhase section */
		8446267424472EE30091BA91 /* Frameworks */ = {
			isa = PBXFrameworksBuildPhase;
			buildActionMask = 2147483647;
			files = (
				96937A8AA1A4718E00E6C9C5 /* Pods_SimpleGithubApp.framework in Frameworks */,
			);
			runOnlyForDeploymentPostprocessing = 0;
		};
/* End PBXFrameworksBuildPhase section */

/* Begin PBXGroup section */
		138D8392FFFB7A16D62BF9CF /* Pods */ = {
			isa = PBXGroup;
			children = (
				C59252ABC83A3F41AF4E575D /* Pods-SimpleGithubApp.debug.xcconfig */,
				5D452C9254CE546712856F01 /* Pods-SimpleGithubApp.release.xcconfig */,
			);
			path = Pods;
			sourceTree = "<group>";
		};
		8446266E24472EE30091BA91 = {
			isa = PBXGroup;
			children = (
				8446267924472EE30091BA91 /* SimpleGithubApp */,
				8446267824472EE30091BA91 /* Products */,
				138D8392FFFB7A16D62BF9CF /* Pods */,
				8FC7E2DAC8E580D31D80312C /* Frameworks */,
			);
			sourceTree = "<group>";
		};
		8446267824472EE30091BA91 /* Products */ = {
			isa = PBXGroup;
			children = (
				8446267724472EE30091BA91 /* SimpleGithubApp.app */,
			);
			name = Products;
			sourceTree = "<group>";
		};
		8446267924472EE30091BA91 /* SimpleGithubApp */ = {
			isa = PBXGroup;
			children = (
				8446267A24472EE30091BA91 /* AppDelegate.swift */,
				8446269A244E0E880091BA91 /* Core */,
				844626972448C0020091BA91 /* Model */,
				8446268E2448BD090091BA91 /* Service */,
				844626932448BF450091BA91 /* View */,
				8446268324472EE40091BA91 /* Assets.xcassets */,
				8446268524472EE40091BA91 /* LaunchScreen.storyboard */,
				8446268824472EE40091BA91 /* Info.plist */,
				844626A9245092360091BA91 /* Utility */,
			);
			path = SimpleGithubApp;
			sourceTree = "<group>";
		};
		8446268E2448BD090091BA91 /* Service */ = {
			isa = PBXGroup;
			children = (
				8446268F2448BD520091BA91 /* Network.swift */,
				844626912448BD5D0091BA91 /* Router.swift */,
			);
			path = Service;
			sourceTree = "<group>";
		};
		844626932448BF450091BA91 /* View */ = {
			isa = PBXGroup;
			children = (
				84CBF98F2479931C000D5D7F /* UserDetail */,
				844626962448BFAD0091BA91 /* UserList */,
			);
			path = View;
			sourceTree = "<group>";
		};
		844626962448BFAD0091BA91 /* UserList */ = {
			isa = PBXGroup;
			children = (
				844626942448BF970091BA91 /* UserListViewController.swift */,
				844626A7244F6FF60091BA91 /* UserListViewModel.swift */,
				844626A5244F6F3E0091BA91 /* UserListViewController+TableViewDecorator.swift */,
				844626A0244F47130091BA91 /* Cell */,
			);
			path = UserList;
			sourceTree = "<group>";
		};
		844626972448C0020091BA91 /* Model */ = {
			isa = PBXGroup;
			children = (
				844626982448C0130091BA91 /* UserModel.swift */,
				84CBF98D24799302000D5D7F /* UserInfoModel.swift */,
			);
			path = Model;
			sourceTree = "<group>";
		};
		8446269A244E0E880091BA91 /* Core */ = {
			isa = PBXGroup;
			children = (
				8446269B244E0E980091BA91 /* Base */,
			);
			path = Core;
			sourceTree = "<group>";
		};
		8446269B244E0E980091BA91 /* Base */ = {
			isa = PBXGroup;
			children = (
				8446269C244E0EA40091BA91 /* BaseViewController.swift */,
				844626A3244F6CBC0091BA91 /* BaseTableViewCell.swift */,
			);
			path = Base;
			sourceTree = "<group>";
		};
		844626A0244F47130091BA91 /* Cell */ = {
			isa = PBXGroup;
			children = (
				8446269E244F47070091BA91 /* UserListCell.swift */,
				844626A1244F48B70091BA91 /* UserListCellViewModel.swift */,
			);
			path = Cell;
			sourceTree = "<group>";
		};
		844626A9245092360091BA91 /* Utility */ = {
			isa = PBXGroup;
			children = (
				844626AA2450924D0091BA91 /* Extension */,
			);
			path = Utility;
			sourceTree = "<group>";
		};
		844626AA2450924D0091BA91 /* Extension */ = {
			isa = PBXGroup;
			children = (
				844626AB2450927F0091BA91 /* UITableView+Dequeue.swift */,
				844626AD245092B10091BA91 /* UIView+ReuseIdentifier.swift */,
			);
			path = Extension;
			sourceTree = "<group>";
		};
		84CBF989247990E9000D5D7F /* UserInfo */ = {
			isa = PBXGroup;
			children = (
				84CBF98A24799172000D5D7F /* UserInfoViewController.swift */,
				84CBF98C24799197000D5D7F /* Cell */,
			);
			path = UserInfo;
			sourceTree = "<group>";
		};
		84CBF98C24799197000D5D7F /* Cell */ = {
			isa = PBXGroup;
			children = (
			);
			path = Cell;
			sourceTree = "<group>";
		};
		84CBF98F2479931C000D5D7F /* UserDetail */ = {
			isa = PBXGroup;
			children = (
				84CBF989247990E9000D5D7F /* UserInfo */,
			);
			path = UserDetail;
			sourceTree = "<group>";
		};
		8FC7E2DAC8E580D31D80312C /* Frameworks */ = {
			isa = PBXGroup;
			children = (
				851B42AAB9635F22FF9126E8 /* Pods_SimpleGithubApp.framework */,
			);
			name = Frameworks;
			sourceTree = "<group>";
		};
/* End PBXGroup section */

/* Begin PBXNativeTarget section */
		8446267624472EE30091BA91 /* SimpleGithubApp */ = {
			isa = PBXNativeTarget;
			buildConfigurationList = 8446268B24472EE40091BA91 /* Build configuration list for PBXNativeTarget "SimpleGithubApp" */;
			buildPhases = (
				7E272478C0B40FC0FB59AC2A /* [CP] Check Pods Manifest.lock */,
				8446267324472EE30091BA91 /* Sources */,
				8446267424472EE30091BA91 /* Frameworks */,
				8446267524472EE30091BA91 /* Resources */,
				E9E04BB92074886482B267F4 /* [CP] Embed Pods Frameworks */,
			);
			buildRules = (
			);
			dependencies = (
			);
			name = SimpleGithubApp;
			productName = SimpleGithubApp;
			productReference = 8446267724472EE30091BA91 /* SimpleGithubApp.app */;
			productType = "com.apple.product-type.application";
		};
/* End PBXNativeTarget section */

/* Begin PBXProject section */
		8446266F24472EE30091BA91 /* Project object */ = {
			isa = PBXProject;
			attributes = {
				LastSwiftUpdateCheck = 1140;
				LastUpgradeCheck = 1140;
				ORGANIZATIONNAME = pgh;
				TargetAttributes = {
					8446267624472EE30091BA91 = {
						CreatedOnToolsVersion = 11.4;
					};
				};
			};
			buildConfigurationList = 8446267224472EE30091BA91 /* Build configuration list for PBXProject "SimpleGithubApp" */;
			compatibilityVersion = "Xcode 9.3";
			developmentRegion = en;
			hasScannedForEncodings = 0;
			knownRegions = (
				en,
				Base,
			);
			mainGroup = 8446266E24472EE30091BA91;
			productRefGroup = 8446267824472EE30091BA91 /* Products */;
			projectDirPath = "";
			projectRoot = "";
			targets = (
				8446267624472EE30091BA91 /* SimpleGithubApp */,
			);
		};
/* End PBXProject section */

/* Begin PBXResourcesBuildPhase section */
		8446267524472EE30091BA91 /* Resources */ = {
			isa = PBXResourcesBuildPhase;
			buildActionMask = 2147483647;
			files = (
				8446268724472EE40091BA91 /* LaunchScreen.storyboard in Resources */,
				8446268424472EE40091BA91 /* Assets.xcassets in Resources */,
			);
			runOnlyForDeploymentPostprocessing = 0;
		};
/* End PBXResourcesBuildPhase section */

/* Begin PBXShellScriptBuildPhase section */
		7E272478C0B40FC0FB59AC2A /* [CP] Check Pods Manifest.lock */ = {
			isa = PBXShellScriptBuildPhase;
			buildActionMask = 2147483647;
			files = (
			);
			inputFileListPaths = (
			);
			inputPaths = (
				"${PODS_PODFILE_DIR_PATH}/Podfile.lock",
				"${PODS_ROOT}/Manifest.lock",
			);
			name = "[CP] Check Pods Manifest.lock";
			outputFileListPaths = (
			);
			outputPaths = (
				"$(DERIVED_FILE_DIR)/Pods-SimpleGithubApp-checkManifestLockResult.txt",
			);
			runOnlyForDeploymentPostprocessing = 0;
			shellPath = /bin/sh;
			shellScript = "diff \"${PODS_PODFILE_DIR_PATH}/Podfile.lock\" \"${PODS_ROOT}/Manifest.lock\" > /dev/null\nif [ $? != 0 ] ; then\n    # print error to STDERR\n    echo \"error: The sandbox is not in sync with the Podfile.lock. Run 'pod install' or update your CocoaPods installation.\" >&2\n    exit 1\nfi\n# This output is used by Xcode 'outputs' to avoid re-running this script phase.\necho \"SUCCESS\" > \"${SCRIPT_OUTPUT_FILE_0}\"\n";
			showEnvVarsInLog = 0;
		};
		E9E04BB92074886482B267F4 /* [CP] Embed Pods Frameworks */ = {
			isa = PBXShellScriptBuildPhase;
			buildActionMask = 2147483647;
			files = (
			);
			inputFileListPaths = (
				"${PODS_ROOT}/Target Support Files/Pods-SimpleGithubApp/Pods-SimpleGithubApp-frameworks-${CONFIGURATION}-input-files.xcfilelist",
			);
			name = "[CP] Embed Pods Frameworks";
			outputFileListPaths = (
				"${PODS_ROOT}/Target Support Files/Pods-SimpleGithubApp/Pods-SimpleGithubApp-frameworks-${CONFIGURATION}-output-files.xcfilelist",
			);
			runOnlyForDeploymentPostprocessing = 0;
			shellPath = /bin/sh;
			shellScript = "\"${PODS_ROOT}/Target Support Files/Pods-SimpleGithubApp/Pods-SimpleGithubApp-frameworks.sh\"\n";
			showEnvVarsInLog = 0;
		};
/* End PBXShellScriptBuildPhase section */

/* Begin PBXSourcesBuildPhase section */
		8446267324472EE30091BA91 /* Sources */ = {
			isa = PBXSourcesBuildPhase;
			buildActionMask = 2147483647;
			files = (
				8446269F244F47070091BA91 /* UserListCell.swift in Sources */,
				84CBF98B24799172000D5D7F /* UserInfoViewController.swift in Sources */,
				844626AE245092B10091BA91 /* UIView+ReuseIdentifier.swift in Sources */,
				844626A8244F6FF60091BA91 /* UserListViewModel.swift in Sources */,
				844626A6244F6F3E0091BA91 /* UserListViewController+TableViewDecorator.swift in Sources */,
				844626992448C0130091BA91 /* UserModel.swift in Sources */,
				844626922448BD5D0091BA91 /* Router.swift in Sources */,
				844626952448BF970091BA91 /* UserListViewController.swift in Sources */,
				844626AC2450927F0091BA91 /* UITableView+Dequeue.swift in Sources */,
				84CBF98E24799302000D5D7F /* UserInfoModel.swift in Sources */,
				844626A4244F6CBC0091BA91 /* BaseTableViewCell.swift in Sources */,
				8446267B24472EE30091BA91 /* AppDelegate.swift in Sources */,
				844626A2244F48B70091BA91 /* UserListCellViewModel.swift in Sources */,
				844626902448BD520091BA91 /* Network.swift in Sources */,
				8446269D244E0EA40091BA91 /* BaseViewController.swift in Sources */,
			);
			runOnlyForDeploymentPostprocessing = 0;
		};
/* End PBXSourcesBuildPhase section */

/* Begin PBXVariantGroup section */
		8446268524472EE40091BA91 /* LaunchScreen.storyboard */ = {
			isa = PBXVariantGroup;
			children = (
				8446268624472EE40091BA91 /* Base */,
			);
			name = LaunchScreen.storyboard;
			sourceTree = "<group>";
		};
/* End PBXVariantGroup section */

/* Begin XCBuildConfiguration section */
		8446268924472EE40091BA91 /* Debug */ = {
			isa = XCBuildConfiguration;
			buildSettings = {
				ALWAYS_SEARCH_USER_PATHS = NO;
				CLANG_ANALYZER_NONNULL = YES;
				CLANG_ANALYZER_NUMBER_OBJECT_CONVERSION = YES_AGGRESSIVE;
				CLANG_CXX_LANGUAGE_STANDARD = "gnu++14";
				CLANG_CXX_LIBRARY = "libc++";
				CLANG_ENABLE_MODULES = YES;
				CLANG_ENABLE_OBJC_ARC = YES;
				CLANG_ENABLE_OBJC_WEAK = YES;
				CLANG_WARN_BLOCK_CAPTURE_AUTORELEASING = YES;
				CLANG_WARN_BOOL_CONVERSION = YES;
				CLANG_WARN_COMMA = YES;
				CLANG_WARN_CONSTANT_CONVERSION = YES;
				CLANG_WARN_DEPRECATED_OBJC_IMPLEMENTATIONS = YES;
				CLANG_WARN_DIRECT_OBJC_ISA_USAGE = YES_ERROR;
				CLANG_WARN_DOCUMENTATION_COMMENTS = YES;
				CLANG_WARN_EMPTY_BODY = YES;
				CLANG_WARN_ENUM_CONVERSION = YES;
				CLANG_WARN_INFINITE_RECURSION = YES;
				CLANG_WARN_INT_CONVERSION = YES;
				CLANG_WARN_NON_LITERAL_NULL_CONVERSION = YES;
				CLANG_WARN_OBJC_IMPLICIT_RETAIN_SELF = YES;
				CLANG_WARN_OBJC_LITERAL_CONVERSION = YES;
				CLANG_WARN_OBJC_ROOT_CLASS = YES_ERROR;
				CLANG_WARN_RANGE_LOOP_ANALYSIS = YES;
				CLANG_WARN_STRICT_PROTOTYPES = YES;
				CLANG_WARN_SUSPICIOUS_MOVE = YES;
				CLANG_WARN_UNGUARDED_AVAILABILITY = YES_AGGRESSIVE;
				CLANG_WARN_UNREACHABLE_CODE = YES;
				CLANG_WARN__DUPLICATE_METHOD_MATCH = YES;
				COPY_PHASE_STRIP = NO;
				DEBUG_INFORMATION_FORMAT = dwarf;
				ENABLE_STRICT_OBJC_MSGSEND = YES;
				ENABLE_TESTABILITY = YES;
				GCC_C_LANGUAGE_STANDARD = gnu11;
				GCC_DYNAMIC_NO_PIC = NO;
				GCC_NO_COMMON_BLOCKS = YES;
				GCC_OPTIMIZATION_LEVEL = 0;
				GCC_PREPROCESSOR_DEFINITIONS = (
					"DEBUG=1",
					"$(inherited)",
				);
				GCC_WARN_64_TO_32_BIT_CONVERSION = YES;
				GCC_WARN_ABOUT_RETURN_TYPE = YES_ERROR;
				GCC_WARN_UNDECLARED_SELECTOR = YES;
				GCC_WARN_UNINITIALIZED_AUTOS = YES_AGGRESSIVE;
				GCC_WARN_UNUSED_FUNCTION = YES;
				GCC_WARN_UNUSED_VARIABLE = YES;
				IPHONEOS_DEPLOYMENT_TARGET = 13.4;
				MTL_ENABLE_DEBUG_INFO = INCLUDE_SOURCE;
				MTL_FAST_MATH = YES;
				ONLY_ACTIVE_ARCH = YES;
				SDKROOT = iphoneos;
				SWIFT_ACTIVE_COMPILATION_CONDITIONS = DEBUG;
				SWIFT_OPTIMIZATION_LEVEL = "-Onone";
			};
			name = Debug;
		};
		8446268A24472EE40091BA91 /* Release */ = {
			isa = XCBuildConfiguration;
			buildSettings = {
				ALWAYS_SEARCH_USER_PATHS = NO;
				CLANG_ANALYZER_NONNULL = YES;
				CLANG_ANALYZER_NUMBER_OBJECT_CONVERSION = YES_AGGRESSIVE;
				CLANG_CXX_LANGUAGE_STANDARD = "gnu++14";
				CLANG_CXX_LIBRARY = "libc++";
				CLANG_ENABLE_MODULES = YES;
				CLANG_ENABLE_OBJC_ARC = YES;
				CLANG_ENABLE_OBJC_WEAK = YES;
				CLANG_WARN_BLOCK_CAPTURE_AUTORELEASING = YES;
				CLANG_WARN_BOOL_CONVERSION = YES;
				CLANG_WARN_COMMA = YES;
				CLANG_WARN_CONSTANT_CONVERSION = YES;
				CLANG_WARN_DEPRECATED_OBJC_IMPLEMENTATIONS = YES;
				CLANG_WARN_DIRECT_OBJC_ISA_USAGE = YES_ERROR;
				CLANG_WARN_DOCUMENTATION_COMMENTS = YES;
				CLANG_WARN_EMPTY_BODY = YES;
				CLANG_WARN_ENUM_CONVERSION = YES;
				CLANG_WARN_INFINITE_RECURSION = YES;
				CLANG_WARN_INT_CONVERSION = YES;
				CLANG_WARN_NON_LITERAL_NULL_CONVERSION = YES;
				CLANG_WARN_OBJC_IMPLICIT_RETAIN_SELF = YES;
				CLANG_WARN_OBJC_LITERAL_CONVERSION = YES;
				CLANG_WARN_OBJC_ROOT_CLASS = YES_ERROR;
				CLANG_WARN_RANGE_LOOP_ANALYSIS = YES;
				CLANG_WARN_STRICT_PROTOTYPES = YES;
				CLANG_WARN_SUSPICIOUS_MOVE = YES;
				CLANG_WARN_UNGUARDED_AVAILABILITY = YES_AGGRESSIVE;
				CLANG_WARN_UNREACHABLE_CODE = YES;
				CLANG_WARN__DUPLICATE_METHOD_MATCH = YES;
				COPY_PHASE_STRIP = NO;
				DEBUG_INFORMATION_FORMAT = "dwarf-with-dsym";
				ENABLE_NS_ASSERTIONS = NO;
				ENABLE_STRICT_OBJC_MSGSEND = YES;
				GCC_C_LANGUAGE_STANDARD = gnu11;
				GCC_NO_COMMON_BLOCKS = YES;
				GCC_WARN_64_TO_32_BIT_CONVERSION = YES;
				GCC_WARN_ABOUT_RETURN_TYPE = YES_ERROR;
				GCC_WARN_UNDECLARED_SELECTOR = YES;
				GCC_WARN_UNINITIALIZED_AUTOS = YES_AGGRESSIVE;
				GCC_WARN_UNUSED_FUNCTION = YES;
				GCC_WARN_UNUSED_VARIABLE = YES;
				IPHONEOS_DEPLOYMENT_TARGET = 13.4;
				MTL_ENABLE_DEBUG_INFO = NO;
				MTL_FAST_MATH = YES;
				SDKROOT = iphoneos;
				SWIFT_COMPILATION_MODE = wholemodule;
				SWIFT_OPTIMIZATION_LEVEL = "-O";
				VALIDATE_PRODUCT = YES;
			};
			name = Release;
		};
		8446268C24472EE40091BA91 /* Debug */ = {
			isa = XCBuildConfiguration;
			baseConfigurationReference = C59252ABC83A3F41AF4E575D /* Pods-SimpleGithubApp.debug.xcconfig */;
			buildSettings = {
				ASSETCATALOG_COMPILER_APPICON_NAME = AppIcon;
				CODE_SIGN_STYLE = Automatic;
				DEVELOPMENT_TEAM = L8A7A463KF;
				INFOPLIST_FILE = SimpleGithubApp/Info.plist;
				IPHONEOS_DEPLOYMENT_TARGET = 11.0;
				LD_RUNPATH_SEARCH_PATHS = (
					"$(inherited)",
					"@executable_path/Frameworks",
				);
				PRODUCT_BUNDLE_IDENTIFIER = com.pgh.SimpleGithubApp;
				PRODUCT_NAME = "$(TARGET_NAME)";
				SWIFT_VERSION = 5.0;
				TARGETED_DEVICE_FAMILY = "1,2";
			};
			name = Debug;
		};
		8446268D24472EE40091BA91 /* Release */ = {
			isa = XCBuildConfiguration;
			baseConfigurationReference = 5D452C9254CE546712856F01 /* Pods-SimpleGithubApp.release.xcconfig */;
			buildSettings = {
				ASSETCATALOG_COMPILER_APPICON_NAME = AppIcon;
				CODE_SIGN_STYLE = Automatic;
				DEVELOPMENT_TEAM = L8A7A463KF;
				INFOPLIST_FILE = SimpleGithubApp/Info.plist;
				IPHONEOS_DEPLOYMENT_TARGET = 11.0;
				LD_RUNPATH_SEARCH_PATHS = (
					"$(inherited)",
					"@executable_path/Frameworks",
				);
				PRODUCT_BUNDLE_IDENTIFIER = com.pgh.SimpleGithubApp;
				PRODUCT_NAME = "$(TARGET_NAME)";
				SWIFT_VERSION = 5.0;
				TARGETED_DEVICE_FAMILY = "1,2";
			};
			name = Release;
		};
/* End XCBuildConfiguration section */

/* Begin XCConfigurationList section */
		8446267224472EE30091BA91 /* Build configuration list for PBXProject "SimpleGithubApp" */ = {
			isa = XCConfigurationList;
			buildConfigurations = (
				8446268924472EE40091BA91 /* Debug */,
				8446268A24472EE40091BA91 /* Release */,
			);
			defaultConfigurationIsVisible = 0;
			defaultConfigurationName = Release;
		};
		8446268B24472EE40091BA91 /* Build configuration list for PBXNativeTarget "SimpleGithubApp" */ = {
			isa = XCConfigurationList;
			buildConfigurations = (
				8446268C24472EE40091BA91 /* Debug */,
				8446268D24472EE40091BA91 /* Release */,
			);
			defaultConfigurationIsVisible = 0;
			defaultConfigurationName = Release;
		};
/* End XCConfigurationList section */
	};
	rootObject = 8446266F24472EE30091BA91 /* Project object */;
}
